
Microsoft Visual Studio Solution File, Format Version 12.00
# Visual Studio Version 17
VisualStudioVersion = 17.3.32811.315
MinimumVisualStudioVersion = 10.0.40219.1
Project("{FAE04EC0-301F-11D3-BF4B-00C04F79EFBC}") = "RomanConverter", "RomanConverter\RomanConverter.csproj", "{A60D1FAB-0A6D-4793-A534-BD1C31FFAFCD}"
EndProject
Global
	GlobalSection(SolutionConfigurationPlatforms) = preSolution
		Debug|Any CPU = Debug|Any CPU
		Release|Any CPU = Release|Any CPU
	EndGlobalSection
	GlobalSection(ProjectConfigurationPlatforms) = postSolution
		{A60D1FAB-0A6D-4793-A534-BD1C31FFAFCD}.Debug|Any CPU.ActiveCfg = Debug|Any CPU
		{A60D1FAB-0A6D-4793-A534-BD1C31FFAFCD}.Debug|Any CPU.Build.0 = Debug|Any CPU
		{A60D1FAB-0A6D-4793-A534-BD1C31FFAFCD}.Release|Any CPU.ActiveCfg = Release|Any CPU
		{A60D1FAB-0A6D-4793-A534-BD1C31FFAFCD}.Release|Any CPU.Build.0 = Release|Any CPU
	EndGlobalSection
	GlobalSection(SolutionProperties) = preSolution
		HideSolutionNode = FALSE
	EndGlobalSection
	GlobalSection(ExtensibilityGlobals) = postSolution
		SolutionGuid = {F854F4AA-1629-4783-9630-A7AA5A8591D1}
	EndGlobalSection
EndGlobal
